// !$*UTF8*$!
{
	archiveVersion = 1;
	classes = {
	};
	objectVersion = 50;
	objects = {

/* Begin PBXBuildFile section */
		54080820232FFB2300C17FCD /* AppDelegate.swift in Sources */ = {isa = PBXBuildFile; fileRef = 5408081F232FFB2300C17FCD /* AppDelegate.swift */; };
		54080822232FFB2300C17FCD /* SearchVC.swift in Sources */ = {isa = PBXBuildFile; fileRef = 54080821232FFB2300C17FCD /* SearchVC.swift */; };
		54080825232FFB2300C17FCD /* Main.storyboard in Resources */ = {isa = PBXBuildFile; fileRef = 54080823232FFB2300C17FCD /* Main.storyboard */; };
		54080827232FFB2400C17FCD /* Assets.xcassets in Resources */ = {isa = PBXBuildFile; fileRef = 54080826232FFB2400C17FCD /* Assets.xcassets */; };
		5408082A232FFB2400C17FCD /* LaunchScreen.storyboard in Resources */ = {isa = PBXBuildFile; fileRef = 54080828232FFB2400C17FCD /* LaunchScreen.storyboard */; };
		54080834232FFB5400C17FCD /* pokeData.json in Resources */ = {isa = PBXBuildFile; fileRef = 54080831232FFB5300C17FCD /* pokeData.json */; };
		54080835232FFB5400C17FCD /* Pokemon.swift in Sources */ = {isa = PBXBuildFile; fileRef = 54080832232FFB5400C17FCD /* Pokemon.swift */; };
		54080836232FFB5400C17FCD /* PokemonGenerator.swift in Sources */ = {isa = PBXBuildFile; fileRef = 54080833232FFB5400C17FCD /* PokemonGenerator.swift */; };
		5408083E23300C2300C17FCD /* ListVC.swift in Sources */ = {isa = PBXBuildFile; fileRef = 5408083D23300C2300C17FCD /* ListVC.swift */; };
		5408084123300C4900C17FCD /* ProfileVC.swift in Sources */ = {isa = PBXBuildFile; fileRef = 5408084023300C4900C17FCD /* ProfileVC.swift */; };
		540808442330103300C17FCD /* FavoritesVC.swift in Sources */ = {isa = PBXBuildFile; fileRef = 540808432330103300C17FCD /* FavoritesVC.swift */; };
		540808462330149800C17FCD /* SearchVC-UISearchExtension.swift in Sources */ = {isa = PBXBuildFile; fileRef = 540808452330149800C17FCD /* SearchVC-UISearchExtension.swift */; };
		5408084A23301BB100C17FCD /* PokemonCell.swift in Sources */ = {isa = PBXBuildFile; fileRef = 5408084923301BB100C17FCD /* PokemonCell.swift */; };
		5408084C23301CAC00C17FCD /* SearchVC-TableView.swift in Sources */ = {isa = PBXBuildFile; fileRef = 5408084B23301CAC00C17FCD /* SearchVC-TableView.swift */; };
		540808522331F9EB00C17FCD /* ListVC-TableView.swift in Sources */ = {isa = PBXBuildFile; fileRef = 540808512331F9EB00C17FCD /* ListVC-TableView.swift */; };
		540808542332AB4A00C17FCD /* AdvancedSearchVC-CollectionView.swift in Sources */ = {isa = PBXBuildFile; fileRef = 540808532332AB4A00C17FCD /* AdvancedSearchVC-CollectionView.swift */; };
		540808562332AC4C00C17FCD /* TypeCell.swift in Sources */ = {isa = PBXBuildFile; fileRef = 540808552332AC4C00C17FCD /* TypeCell.swift */; };
		540808592333067F00C17FCD /* AdvancedSearchVC-UITextField.swift in Sources */ = {isa = PBXBuildFile; fileRef = 540808582333067F00C17FCD /* AdvancedSearchVC-UITextField.swift */; };
		5408085B23330E7D00C17FCD /* StringExtension.swift in Sources */ = {isa = PBXBuildFile; fileRef = 5408085A23330E7D00C17FCD /* StringExtension.swift */; };
		5408085D23336AF800C17FCD /* FavoritesVC-TableVIew.swift in Sources */ = {isa = PBXBuildFile; fileRef = 5408085C23336AF800C17FCD /* FavoritesVC-TableVIew.swift */; };
		5408086123344AC100C17FCD /* ProfileVC-TableView.swift in Sources */ = {isa = PBXBuildFile; fileRef = 5408086023344AC100C17FCD /* ProfileVC-TableView.swift */; };
		5408086323344D0C00C17FCD /* StatisticsCell.swift in Sources */ = {isa = PBXBuildFile; fileRef = 5408086223344D0C00C17FCD /* StatisticsCell.swift */; };
		5408086C23358AA100C17FCD /* AdvancedSearchVC.swift in Sources */ = {isa = PBXBuildFile; fileRef = 5408086B23358AA100C17FCD /* AdvancedSearchVC.swift */; };
/* End PBXBuildFile section */

/* Begin PBXFileReference section */
		5408081C232FFB2300C17FCD /* Pokedex.app */ = {isa = PBXFileReference; explicitFileType = wrapper.application; includeInIndex = 0; path = Pokedex.app; sourceTree = BUILT_PRODUCTS_DIR; };
		5408081F232FFB2300C17FCD /* AppDelegate.swift */ = {isa = PBXFileReference; lastKnownFileType = sourcecode.swift; path = AppDelegate.swift; sourceTree = "<group>"; };
		54080821232FFB2300C17FCD /* SearchVC.swift */ = {isa = PBXFileReference; lastKnownFileType = sourcecode.swift; path = SearchVC.swift; sourceTree = "<group>"; };
		54080824232FFB2300C17FCD /* Base */ = {isa = PBXFileReference; lastKnownFileType = file.storyboard; name = Base; path = Base.lproj/Main.storyboard; sourceTree = "<group>"; };
		54080826232FFB2400C17FCD /* Assets.xcassets */ = {isa = PBXFileReference; lastKnownFileType = folder.assetcatalog; path = Assets.xcassets; sourceTree = "<group>"; };
		54080829232FFB2400C17FCD /* Base */ = {isa = PBXFileReference; lastKnownFileType = file.storyboard; name = Base; path = Base.lproj/LaunchScreen.storyboard; sourceTree = "<group>"; };
		5408082B232FFB2400C17FCD /* Info.plist */ = {isa = PBXFileReference; lastKnownFileType = text.plist.xml; path = Info.plist; sourceTree = "<group>"; };
		54080831232FFB5300C17FCD /* pokeData.json */ = {isa = PBXFileReference; fileEncoding = 4; lastKnownFileType = text.json; path = pokeData.json; sourceTree = "<group>"; };
		54080832232FFB5400C17FCD /* Pokemon.swift */ = {isa = PBXFileReference; fileEncoding = 4; lastKnownFileType = sourcecode.swift; name = Pokemon.swift; path = ../Resources/Pokemon.swift; sourceTree = "<group>"; };
		54080833232FFB5400C17FCD /* PokemonGenerator.swift */ = {isa = PBXFileReference; fileEncoding = 4; lastKnownFileType = sourcecode.swift; name = PokemonGenerator.swift; path = ../Resources/PokemonGenerator.swift; sourceTree = "<group>"; };
		5408083D23300C2300C17FCD /* ListVC.swift */ = {isa = PBXFileReference; lastKnownFileType = sourcecode.swift; path = ListVC.swift; sourceTree = "<group>"; };
		5408084023300C4900C17FCD /* ProfileVC.swift */ = {isa = PBXFileReference; lastKnownFileType = sourcecode.swift; path = ProfileVC.swift; sourceTree = "<group>"; };
		540808432330103300C17FCD /* FavoritesVC.swift */ = {isa = PBXFileReference; lastKnownFileType = sourcecode.swift; path = FavoritesVC.swift; sourceTree = "<group>"; };
		540808452330149800C17FCD /* SearchVC-UISearchExtension.swift */ = {isa = PBXFileReference; lastKnownFileType = sourcecode.swift; path = "SearchVC-UISearchExtension.swift"; sourceTree = "<group>"; };
		5408084923301BB100C17FCD /* PokemonCell.swift */ = {isa = PBXFileReference; lastKnownFileType = sourcecode.swift; path = PokemonCell.swift; sourceTree = "<group>"; };
		5408084B23301CAC00C17FCD /* SearchVC-TableView.swift */ = {isa = PBXFileReference; lastKnownFileType = sourcecode.swift; path = "SearchVC-TableView.swift"; sourceTree = "<group>"; };
		540808512331F9EB00C17FCD /* ListVC-TableView.swift */ = {isa = PBXFileReference; lastKnownFileType = sourcecode.swift; path = "ListVC-TableView.swift"; sourceTree = "<group>"; };
		540808532332AB4A00C17FCD /* AdvancedSearchVC-CollectionView.swift */ = {isa = PBXFileReference; lastKnownFileType = sourcecode.swift; path = "AdvancedSearchVC-CollectionView.swift"; sourceTree = "<group>"; };
		540808552332AC4C00C17FCD /* TypeCell.swift */ = {isa = PBXFileReference; lastKnownFileType = sourcecode.swift; path = TypeCell.swift; sourceTree = "<group>"; };
		540808582333067F00C17FCD /* AdvancedSearchVC-UITextField.swift */ = {isa = PBXFileReference; lastKnownFileType = sourcecode.swift; path = "AdvancedSearchVC-UITextField.swift"; sourceTree = "<group>"; };
		5408085A23330E7D00C17FCD /* StringExtension.swift */ = {isa = PBXFileReference; lastKnownFileType = sourcecode.swift; path = StringExtension.swift; sourceTree = "<group>"; };
		5408085C23336AF800C17FCD /* FavoritesVC-TableVIew.swift */ = {isa = PBXFileReference; lastKnownFileType = sourcecode.swift; path = "FavoritesVC-TableVIew.swift"; sourceTree = "<group>"; };
		5408086023344AC100C17FCD /* ProfileVC-TableView.swift */ = {isa = PBXFileReference; lastKnownFileType = sourcecode.swift; path = "ProfileVC-TableView.swift"; sourceTree = "<group>"; };
		5408086223344D0C00C17FCD /* StatisticsCell.swift */ = {isa = PBXFileReference; lastKnownFileType = sourcecode.swift; path = StatisticsCell.swift; sourceTree = "<group>"; };
		5408086B23358AA100C17FCD /* AdvancedSearchVC.swift */ = {isa = PBXFileReference; lastKnownFileType = sourcecode.swift; path = AdvancedSearchVC.swift; sourceTree = "<group>"; };
/* End PBXFileReference section */

/* Begin PBXFrameworksBuildPhase section */
		54080819232FFB2300C17FCD /* Frameworks */ = {
			isa = PBXFrameworksBuildPhase;
			buildActionMask = 2147483647;
			files = (
			);
			runOnlyForDeploymentPostprocessing = 0;
		};
/* End PBXFrameworksBuildPhase section */

/* Begin PBXGroup section */
		54080813232FFB2300C17FCD = {
			isa = PBXGroup;
			children = (
				5408081E232FFB2300C17FCD /* Pokedex */,
				5408081D232FFB2300C17FCD /* Products */,
			);
			sourceTree = "<group>";
		};
		5408081D232FFB2300C17FCD /* Products */ = {
			isa = PBXGroup;
			children = (
				5408081C232FFB2300C17FCD /* Pokedex.app */,
			);
			name = Products;
			sourceTree = "<group>";
		};
		5408081E232FFB2300C17FCD /* Pokedex */ = {
			isa = PBXGroup;
			children = (
				54080837232FFE7300C17FCD /* Models */,
				54080838232FFE7E00C17FCD /* Views */,
				54080839232FFE8F00C17FCD /* Controllers */,
				5408083A232FFF2800C17FCD /* Resources */,
			);
			path = Pokedex;
			sourceTree = "<group>";
		};
		54080837232FFE7300C17FCD /* Models */ = {
			isa = PBXGroup;
			children = (
				54080832232FFB5400C17FCD /* Pokemon.swift */,
				54080833232FFB5400C17FCD /* PokemonGenerator.swift */,
			);
			path = Models;
			sourceTree = "<group>";
		};
		54080838232FFE7E00C17FCD /* Views */ = {
			isa = PBXGroup;
			children = (
				5408084923301BB100C17FCD /* PokemonCell.swift */,
				540808552332AC4C00C17FCD /* TypeCell.swift */,
				5408086223344D0C00C17FCD /* StatisticsCell.swift */,
			);
			path = Views;
			sourceTree = "<group>";
		};
		54080839232FFE8F00C17FCD /* Controllers */ = {
			isa = PBXGroup;
			children = (
				5408086A2335869D00C17FCD /* AdvancedSearchVC */,
				5408083B23300BF600C17FCD /* SearchVC */,
				5408083C23300C0D00C17FCD /* ListVC */,
				5408083F23300C2800C17FCD /* ProfileVC */,
				540808422330101900C17FCD /* FavoritesVC */,
			);
			path = Controllers;
			sourceTree = "<group>";
		};
		5408083A232FFF2800C17FCD /* Resources */ = {
			isa = PBXGroup;
			children = (
				5408081F232FFB2300C17FCD /* AppDelegate.swift */,
				54080823232FFB2300C17FCD /* Main.storyboard */,
				54080828232FFB2400C17FCD /* LaunchScreen.storyboard */,
				54080831232FFB5300C17FCD /* pokeData.json */,
				54080826232FFB2400C17FCD /* Assets.xcassets */,
				5408085A23330E7D00C17FCD /* StringExtension.swift */,
				5408082B232FFB2400C17FCD /* Info.plist */,
			);
			path = Resources;
			sourceTree = "<group>";
		};
		5408083B23300BF600C17FCD /* SearchVC */ = {
			isa = PBXGroup;
			children = (
				54080821232FFB2300C17FCD /* SearchVC.swift */,
				540808452330149800C17FCD /* SearchVC-UISearchExtension.swift */,
				5408084B23301CAC00C17FCD /* SearchVC-TableView.swift */,
			);
			path = SearchVC;
			sourceTree = "<group>";
		};
		5408083C23300C0D00C17FCD /* ListVC */ = {
			isa = PBXGroup;
			children = (
				5408083D23300C2300C17FCD /* ListVC.swift */,
				540808512331F9EB00C17FCD /* ListVC-TableView.swift */,
			);
			path = ListVC;
			sourceTree = "<group>";
		};
		5408083F23300C2800C17FCD /* ProfileVC */ = {
			isa = PBXGroup;
			children = (
				5408084023300C4900C17FCD /* ProfileVC.swift */,
				5408086023344AC100C17FCD /* ProfileVC-TableView.swift */,
			);
			path = ProfileVC;
			sourceTree = "<group>";
		};
		540808422330101900C17FCD /* FavoritesVC */ = {
			isa = PBXGroup;
			children = (
				540808432330103300C17FCD /* FavoritesVC.swift */,
				5408085C23336AF800C17FCD /* FavoritesVC-TableVIew.swift */,
			);
			path = FavoritesVC;
			sourceTree = "<group>";
		};
		5408086A2335869D00C17FCD /* AdvancedSearchVC */ = {
			isa = PBXGroup;
			children = (
				5408086B23358AA100C17FCD /* AdvancedSearchVC.swift */,
				540808582333067F00C17FCD /* AdvancedSearchVC-UITextField.swift */,
				540808532332AB4A00C17FCD /* AdvancedSearchVC-CollectionView.swift */,
			);
			path = AdvancedSearchVC;
			sourceTree = "<group>";
		};
/* End PBXGroup section */

/* Begin PBXNativeTarget section */
		5408081B232FFB2300C17FCD /* Pokedex */ = {
			isa = PBXNativeTarget;
			buildConfigurationList = 5408082E232FFB2400C17FCD /* Build configuration list for PBXNativeTarget "Pokedex" */;
			buildPhases = (
				54080818232FFB2300C17FCD /* Sources */,
				54080819232FFB2300C17FCD /* Frameworks */,
				5408081A232FFB2300C17FCD /* Resources */,
			);
			buildRules = (
			);
			dependencies = (
			);
			name = Pokedex;
			productName = Pokedex;
			productReference = 5408081C232FFB2300C17FCD /* Pokedex.app */;
			productType = "com.apple.product-type.application";
		};
/* End PBXNativeTarget section */

/* Begin PBXProject section */
		54080814232FFB2300C17FCD /* Project object */ = {
			isa = PBXProject;
			attributes = {
				LastSwiftUpdateCheck = 1030;
				LastUpgradeCheck = 1030;
				ORGANIZATIONNAME = "Patrick Yin";
				TargetAttributes = {
					5408081B232FFB2300C17FCD = {
						CreatedOnToolsVersion = 10.3;
					};
				};
			};
			buildConfigurationList = 54080817232FFB2300C17FCD /* Build configuration list for PBXProject "Pokedex" */;
			compatibilityVersion = "Xcode 9.3";
			developmentRegion = en;
			hasScannedForEncodings = 0;
			knownRegions = (
				en,
				Base,
			);
			mainGroup = 54080813232FFB2300C17FCD;
			productRefGroup = 5408081D232FFB2300C17FCD /* Products */;
			projectDirPath = "";
			projectRoot = "";
			targets = (
				5408081B232FFB2300C17FCD /* Pokedex */,
			);
		};
/* End PBXProject section */

/* Begin PBXResourcesBuildPhase section */
		5408081A232FFB2300C17FCD /* Resources */ = {
			isa = PBXResourcesBuildPhase;
			buildActionMask = 2147483647;
			files = (
				5408082A232FFB2400C17FCD /* LaunchScreen.storyboard in Resources */,
				54080827232FFB2400C17FCD /* Assets.xcassets in Resources */,
				54080834232FFB5400C17FCD /* pokeData.json in Resources */,
				54080825232FFB2300C17FCD /* Main.storyboard in Resources */,
			);
			runOnlyForDeploymentPostprocessing = 0;
		};
/* End PBXResourcesBuildPhase section */

/* Begin PBXSourcesBuildPhase section */
		54080818232FFB2300C17FCD /* Sources */ = {
			isa = PBXSourcesBuildPhase;
			buildActionMask = 2147483647;
			files = (
				540808462330149800C17FCD /* SearchVC-UISearchExtension.swift in Sources */,
				540808562332AC4C00C17FCD /* TypeCell.swift in Sources */,
				540808542332AB4A00C17FCD /* AdvancedSearchVC-CollectionView.swift in Sources */,
				5408084123300C4900C17FCD /* ProfileVC.swift in Sources */,
				5408086123344AC100C17FCD /* ProfileVC-TableView.swift in Sources */,
				5408085D23336AF800C17FCD /* FavoritesVC-TableVIew.swift in Sources */,
				54080822232FFB2300C17FCD /* SearchVC.swift in Sources */,
				540808592333067F00C17FCD /* AdvancedSearchVC-UITextField.swift in Sources */,
				5408083E23300C2300C17FCD /* ListVC.swift in Sources */,
				54080836232FFB5400C17FCD /* PokemonGenerator.swift in Sources */,
				540808442330103300C17FCD /* FavoritesVC.swift in Sources */,
				5408085B23330E7D00C17FCD /* StringExtension.swift in Sources */,
				5408084C23301CAC00C17FCD /* SearchVC-TableView.swift in Sources */,
				54080820232FFB2300C17FCD /* AppDelegate.swift in Sources */,
				54080835232FFB5400C17FCD /* Pokemon.swift in Sources */,
				5408084A23301BB100C17FCD /* PokemonCell.swift in Sources */,
				5408086323344D0C00C17FCD /* StatisticsCell.swift in Sources */,
				540808522331F9EB00C17FCD /* ListVC-TableView.swift in Sources */,
				5408086C23358AA100C17FCD /* AdvancedSearchVC.swift in Sources */,
			);
			runOnlyForDeploymentPostprocessing = 0;
		};
/* End PBXSourcesBuildPhase section */

/* Begin PBXVariantGroup section */
		54080823232FFB2300C17FCD /* Main.storyboard */ = {
			isa = PBXVariantGroup;
			children = (
				54080824232FFB2300C17FCD /* Base */,
			);
			name = Main.storyboard;
			sourceTree = "<group>";
		};
		54080828232FFB2400C17FCD /* LaunchScreen.storyboard */ = {
			isa = PBXVariantGroup;
			children = (
				54080829232FFB2400C17FCD /* Base */,
			);
			name = LaunchScreen.storyboard;
			sourceTree = "<group>";
		};
/* End PBXVariantGroup section */

/* Begin XCBuildConfiguration section */
		5408082C232FFB2400C17FCD /* Debug */ = {
			isa = XCBuildConfiguration;
			buildSettings = {
				ALWAYS_SEARCH_USER_PATHS = NO;
				CLANG_ANALYZER_NONNULL = YES;
				CLANG_ANALYZER_NUMBER_OBJECT_CONVERSION = YES_AGGRESSIVE;
				CLANG_CXX_LANGUAGE_STANDARD = "gnu++14";
				CLANG_CXX_LIBRARY = "libc++";
				CLANG_ENABLE_MODULES = YES;
				CLANG_ENABLE_OBJC_ARC = YES;
				CLANG_ENABLE_OBJC_WEAK = YES;
				CLANG_WARN_BLOCK_CAPTURE_AUTORELEASING = YES;
				CLANG_WARN_BOOL_CONVERSION = YES;
				CLANG_WARN_COMMA = YES;
				CLANG_WARN_CONSTANT_CONVERSION = YES;
				CLANG_WARN_DEPRECATED_OBJC_IMPLEMENTATIONS = YES;
				CLANG_WARN_DIRECT_OBJC_ISA_USAGE = YES_ERROR;
				CLANG_WARN_DOCUMENTATION_COMMENTS = YES;
				CLANG_WARN_EMPTY_BODY = YES;
				CLANG_WARN_ENUM_CONVERSION = YES;
				CLANG_WARN_INFINITE_RECURSION = YES;
				CLANG_WARN_INT_CONVERSION = YES;
				CLANG_WARN_NON_LITERAL_NULL_CONVERSION = YES;
				CLANG_WARN_OBJC_IMPLICIT_RETAIN_SELF = YES;
				CLANG_WARN_OBJC_LITERAL_CONVERSION = YES;
				CLANG_WARN_OBJC_ROOT_CLASS = YES_ERROR;
				CLANG_WARN_RANGE_LOOP_ANALYSIS = YES;
				CLANG_WARN_STRICT_PROTOTYPES = YES;
				CLANG_WARN_SUSPICIOUS_MOVE = YES;
				CLANG_WARN_UNGUARDED_AVAILABILITY = YES_AGGRESSIVE;
				CLANG_WARN_UNREACHABLE_CODE = YES;
				CLANG_WARN__DUPLICATE_METHOD_MATCH = YES;
				CODE_SIGN_IDENTITY = "iPhone Developer";
				COPY_PHASE_STRIP = NO;
				DEBUG_INFORMATION_FORMAT = dwarf;
				ENABLE_STRICT_OBJC_MSGSEND = YES;
				ENABLE_TESTABILITY = YES;
				GCC_C_LANGUAGE_STANDARD = gnu11;
				GCC_DYNAMIC_NO_PIC = NO;
				GCC_NO_COMMON_BLOCKS = YES;
				GCC_OPTIMIZATION_LEVEL = 0;
				GCC_PREPROCESSOR_DEFINITIONS = (
					"DEBUG=1",
					"$(inherited)",
				);
				GCC_WARN_64_TO_32_BIT_CONVERSION = YES;
				GCC_WARN_ABOUT_RETURN_TYPE = YES_ERROR;
				GCC_WARN_UNDECLARED_SELECTOR = YES;
				GCC_WARN_UNINITIALIZED_AUTOS = YES_AGGRESSIVE;
				GCC_WARN_UNUSED_FUNCTION = YES;
				GCC_WARN_UNUSED_VARIABLE = YES;
				IPHONEOS_DEPLOYMENT_TARGET = 12.4;
				MTL_ENABLE_DEBUG_INFO = INCLUDE_SOURCE;
				MTL_FAST_MATH = YES;
				ONLY_ACTIVE_ARCH = YES;
				SDKROOT = iphoneos;
				SWIFT_ACTIVE_COMPILATION_CONDITIONS = DEBUG;
				SWIFT_OPTIMIZATION_LEVEL = "-Onone";
			};
			name = Debug;
		};
		5408082D232FFB2400C17FCD /* Release */ = {
			isa = XCBuildConfiguration;
			buildSettings = {
				ALWAYS_SEARCH_USER_PATHS = NO;
				CLANG_ANALYZER_NONNULL = YES;
				CLANG_ANALYZER_NUMBER_OBJECT_CONVERSION = YES_AGGRESSIVE;
				CLANG_CXX_LANGUAGE_STANDARD = "gnu++14";
				CLANG_CXX_LIBRARY = "libc++";
				CLANG_ENABLE_MODULES = YES;
				CLANG_ENABLE_OBJC_ARC = YES;
				CLANG_ENABLE_OBJC_WEAK = YES;
				CLANG_WARN_BLOCK_CAPTURE_AUTORELEASING = YES;
				CLANG_WARN_BOOL_CONVERSION = YES;
				CLANG_WARN_COMMA = YES;
				CLANG_WARN_CONSTANT_CONVERSION = YES;
				CLANG_WARN_DEPRECATED_OBJC_IMPLEMENTATIONS = YES;
				CLANG_WARN_DIRECT_OBJC_ISA_USAGE = YES_ERROR;
				CLANG_WARN_DOCUMENTATION_COMMENTS = YES;
				CLANG_WARN_EMPTY_BODY = YES;
				CLANG_WARN_ENUM_CONVERSION = YES;
				CLANG_WARN_INFINITE_RECURSION = YES;
				CLANG_WARN_INT_CONVERSION = YES;
				CLANG_WARN_NON_LITERAL_NULL_CONVERSION = YES;
				CLANG_WARN_OBJC_IMPLICIT_RETAIN_SELF = YES;
				CLANG_WARN_OBJC_LITERAL_CONVERSION = YES;
				CLANG_WARN_OBJC_ROOT_CLASS = YES_ERROR;
				CLANG_WARN_RANGE_LOOP_ANALYSIS = YES;
				CLANG_WARN_STRICT_PROTOTYPES = YES;
				CLANG_WARN_SUSPICIOUS_MOVE = YES;
				CLANG_WARN_UNGUARDED_AVAILABILITY = YES_AGGRESSIVE;
				CLANG_WARN_UNREACHABLE_CODE = YES;
				CLANG_WARN__DUPLICATE_METHOD_MATCH = YES;
				CODE_SIGN_IDENTITY = "iPhone Developer";
				COPY_PHASE_STRIP = NO;
				DEBUG_INFORMATION_FORMAT = "dwarf-with-dsym";
				ENABLE_NS_ASSERTIONS = NO;
				ENABLE_STRICT_OBJC_MSGSEND = YES;
				GCC_C_LANGUAGE_STANDARD = gnu11;
				GCC_NO_COMMON_BLOCKS = YES;
				GCC_WARN_64_TO_32_BIT_CONVERSION = YES;
				GCC_WARN_ABOUT_RETURN_TYPE = YES_ERROR;
				GCC_WARN_UNDECLARED_SELECTOR = YES;
				GCC_WARN_UNINITIALIZED_AUTOS = YES_AGGRESSIVE;
				GCC_WARN_UNUSED_FUNCTION = YES;
				GCC_WARN_UNUSED_VARIABLE = YES;
				IPHONEOS_DEPLOYMENT_TARGET = 12.4;
				MTL_ENABLE_DEBUG_INFO = NO;
				MTL_FAST_MATH = YES;
				SDKROOT = iphoneos;
				SWIFT_COMPILATION_MODE = wholemodule;
				SWIFT_OPTIMIZATION_LEVEL = "-O";
				VALIDATE_PRODUCT = YES;
			};
			name = Release;
		};
		5408082F232FFB2400C17FCD /* Debug */ = {
			isa = XCBuildConfiguration;
			buildSettings = {
				ASSETCATALOG_COMPILER_APPICON_NAME = AppIcon;
				CODE_SIGN_STYLE = Automatic;
				DEVELOPMENT_TEAM = M2H55ZZJC9;
				INFOPLIST_FILE = "$(SRCROOT)/Pokedex/Resources/Info.plist";
				LD_RUNPATH_SEARCH_PATHS = (
					"$(inherited)",
					"@executable_path/Frameworks",
				);
				PRODUCT_BUNDLE_IDENTIFIER = com.patrickhaoy.Pokedex;
				PRODUCT_NAME = "$(TARGET_NAME)";
				SWIFT_VERSION = 5.0;
				TARGETED_DEVICE_FAMILY = "1,2";
			};
			name = Debug;
		};
		54080830232FFB2400C17FCD /* Release */ = {
			isa = XCBuildConfiguration;
			buildSettings = {
				ASSETCATALOG_COMPILER_APPICON_NAME = AppIcon;
				CODE_SIGN_STYLE = Automatic;
				DEVELOPMENT_TEAM = M2H55ZZJC9;
				INFOPLIST_FILE = "$(SRCROOT)/Pokedex/Resources/Info.plist";
				LD_RUNPATH_SEARCH_PATHS = (
					"$(inherited)",
					"@executable_path/Frameworks",
				);
				PRODUCT_BUNDLE_IDENTIFIER = com.patrickhaoy.Pokedex;
				PRODUCT_NAME = "$(TARGET_NAME)";
				SWIFT_VERSION = 5.0;
				TARGETED_DEVICE_FAMILY = "1,2";
			};
			name = Release;
		};
/* End XCBuildConfiguration section */

/* Begin XCConfigurationList section */
		54080817232FFB2300C17FCD /* Build configuration list for PBXProject "Pokedex" */ = {
			isa = XCConfigurationList;
			buildConfigurations = (
				5408082C232FFB2400C17FCD /* Debug */,
				5408082D232FFB2400C17FCD /* Release */,
			);
			defaultConfigurationIsVisible = 0;
			defaultConfigurationName = Release;
		};
		5408082E232FFB2400C17FCD /* Build configuration list for PBXNativeTarget "Pokedex" */ = {
			isa = XCConfigurationList;
			buildConfigurations = (
				5408082F232FFB2400C17FCD /* Debug */,
				54080830232FFB2400C17FCD /* Release */,
			);
			defaultConfigurationIsVisible = 0;
			defaultConfigurationName = Release;
		};
/* End XCConfigurationList section */
	};
	rootObject = 54080814232FFB2300C17FCD /* Project object */;
}
